
Microsoft Visual Studio Solution File, Format Version 12.00
# Visual Studio 15
VisualStudioVersion = 15.0.28307.421
MinimumVisualStudioVersion = 10.0.40219.1
Project("{FAE04EC0-301F-11D3-BF4B-00C04F79EFBC}") = "POO", "POO\POO.csproj", "{58824451-5A9D-4C92-A53F-DAB43827D51E}"
EndProject
Project("{FAE04EC0-301F-11D3-BF4B-00C04F79EFBC}") = "POO2", "Baldor\POO2.csproj", "{C4A27FEB-5F29-4050-BBD4-268C7AD7382B}"
EndProject
Global
	GlobalSection(SolutionConfigurationPlatforms) = preSolution
		Debug|Any CPU = Debug|Any CPU
		Release|Any CPU = Release|Any CPU
	EndGlobalSection
	GlobalSection(ProjectConfigurationPlatforms) = postSolution
		{58824451-5A9D-4C92-A53F-DAB43827D51E}.Debug|Any CPU.ActiveCfg = Debug|Any CPU
		{58824451-5A9D-4C92-A53F-DAB43827D51E}.Debug|Any CPU.Build.0 = Debug|Any CPU
		{58824451-5A9D-4C92-A53F-DAB43827D51E}.Release|Any CPU.ActiveCfg = Release|Any CPU
		{58824451-5A9D-4C92-A53F-DAB43827D51E}.Release|Any CPU.Build.0 = Release|Any CPU
		{C4A27FEB-5F29-4050-BBD4-268C7AD7382B}.Debug|Any CPU.ActiveCfg = Debug|Any CPU
		{C4A27FEB-5F29-4050-BBD4-268C7AD7382B}.Debug|Any CPU.Build.0 = Debug|Any CPU
		{C4A27FEB-5F29-4050-BBD4-268C7AD7382B}.Release|Any CPU.ActiveCfg = Release|Any CPU
		{C4A27FEB-5F29-4050-BBD4-268C7AD7382B}.Release|Any CPU.Build.0 = Release|Any CPU
	EndGlobalSection
	GlobalSection(SolutionProperties) = preSolution
		HideSolutionNode = FALSE
	EndGlobalSection
	GlobalSection(ExtensibilityGlobals) = postSolution
		SolutionGuid = {90061626-E671-49E6-B443-75B377F0A8CD}
	EndGlobalSection
EndGlobal
